
Microsoft Visual Studio Solution File, Format Version 12.00
# Visual Studio Version 17
VisualStudioVersion = 17.10.35122.118
MinimumVisualStudioVersion = 10.0.40219.1
Project("{2150E333-8FDC-42A3-9474-1A3956D46DE8}") = "WPFs", "WPFs", "{150A6B6E-C23C-4E66-B41B-816B1AA9F3FD}"
EndProject
Project("{2150E333-8FDC-42A3-9474-1A3956D46DE8}") = "mvvm wpf", "mvvm wpf", "{649EF4ED-FE63-4103-89E5-A5C703B4ACDD}"
EndProject
Project("{FAE04EC0-301F-11D3-BF4B-00C04F79EFBC}") = "wpf mvvm test", "wpf mvvm test\wpf mvvm test.csproj", "{DD2B6432-1368-40AC-939D-5BF913ACDCE9}"
EndProject
Global
	GlobalSection(SolutionConfigurationPlatforms) = preSolution
		Debug|Any CPU = Debug|Any CPU
		Release|Any CPU = Release|Any CPU
	EndGlobalSection
	GlobalSection(ProjectConfigurationPlatforms) = postSolution
		{DD2B6432-1368-40AC-939D-5BF913ACDCE9}.Debug|Any CPU.ActiveCfg = Debug|Any CPU
		{DD2B6432-1368-40AC-939D-5BF913ACDCE9}.Debug|Any CPU.Build.0 = Debug|Any CPU
		{DD2B6432-1368-40AC-939D-5BF913ACDCE9}.Release|Any CPU.ActiveCfg = Release|Any CPU
		{DD2B6432-1368-40AC-939D-5BF913ACDCE9}.Release|Any CPU.Build.0 = Release|Any CPU
	EndGlobalSection
	GlobalSection(SolutionProperties) = preSolution
		HideSolutionNode = FALSE
	EndGlobalSection
	GlobalSection(NestedProjects) = preSolution
		{649EF4ED-FE63-4103-89E5-A5C703B4ACDD} = {150A6B6E-C23C-4E66-B41B-816B1AA9F3FD}
		{DD2B6432-1368-40AC-939D-5BF913ACDCE9} = {649EF4ED-FE63-4103-89E5-A5C703B4ACDD}
	EndGlobalSection
	GlobalSection(ExtensibilityGlobals) = postSolution
		SolutionGuid = {BC472E8D-A1CB-4CEA-998D-52B46D22FD92}
	EndGlobalSection
EndGlobal
